
Microsoft Visual Studio Solution File, Format Version 12.00
Project("{FAE04EC0-301F-11D3-BF4B-00C04F79EFBC}") = "WindowsFormsAppEasyCs71", "WindowsFormsAppEasyCs71\WindowsFormsAppEasyCs71.csproj", "{5439AC45-13FD-4729-83FF-82295325FEBF}"
EndProject
Global
	GlobalSection(SolutionConfigurationPlatforms) = preSolution
		Debug|Any CPU = Debug|Any CPU
		Release|Any CPU = Release|Any CPU
	EndGlobalSection
	GlobalSection(ProjectConfigurationPlatforms) = postSolution
		{5439AC45-13FD-4729-83FF-82295325FEBF}.Debug|Any CPU.ActiveCfg = Debug|Any CPU
		{5439AC45-13FD-4729-83FF-82295325FEBF}.Debug|Any CPU.Build.0 = Debug|Any CPU
		{5439AC45-13FD-4729-83FF-82295325FEBF}.Release|Any CPU.ActiveCfg = Release|Any CPU
		{5439AC45-13FD-4729-83FF-82295325FEBF}.Release|Any CPU.Build.0 = Release|Any CPU
	EndGlobalSection
EndGlobal
